// !$*UTF8*$!
{
	archiveVersion = 1;
	classes = {
	};
	objectVersion = 46;
	objects = {

/* Begin PBXBuildFile section */
		8B89D9AF184DAB550062EFB4 /* Cocoa.framework in Frameworks */ = {isa = PBXBuildFile; fileRef = 8B89D9AE184DAB550062EFB4 /* Cocoa.framework */; };
		8B89D9B9184DAB550062EFB4 /* InfoPlist.strings in Resources */ = {isa = PBXBuildFile; fileRef = 8B89D9B7184DAB550062EFB4 /* InfoPlist.strings */; };
		8B89D9BB184DAB550062EFB4 /* main.m in Sources */ = {isa = PBXBuildFile; fileRef = 8B89D9BA184DAB550062EFB4 /* main.m */; };
		8B89D9BF184DAB550062EFB4 /* Credits.rtf in Resources */ = {isa = PBXBuildFile; fileRef = 8B89D9BD184DAB550062EFB4 /* Credits.rtf */; };
		8B89D9C2184DAB550062EFB4 /* AppDelegate.m in Sources */ = {isa = PBXBuildFile; fileRef = 8B89D9C1184DAB550062EFB4 /* AppDelegate.m */; };
		8B89D9C5184DAB550062EFB4 /* MainMenu.xib in Resources */ = {isa = PBXBuildFile; fileRef = 8B89D9C3184DAB550062EFB4 /* MainMenu.xib */; };
		8B89D9C7184DAB550062EFB4 /* Images.xcassets in Resources */ = {isa = PBXBuildFile; fileRef = 8B89D9C6184DAB550062EFB4 /* Images.xcassets */; };
		8B89D9CE184DAB550062EFB4 /* XCTest.framework in Frameworks */ = {isa = PBXBuildFile; fileRef = 8B89D9CD184DAB550062EFB4 /* XCTest.framework */; };
		8B89D9CF184DAB550062EFB4 /* Cocoa.framework in Frameworks */ = {isa = PBXBuildFile; fileRef = 8B89D9AE184DAB550062EFB4 /* Cocoa.framework */; };
		8B89D9D7184DAB550062EFB4 /* InfoPlist.strings in Resources */ = {isa = PBXBuildFile; fileRef = 8B89D9D5184DAB550062EFB4 /* InfoPlist.strings */; };
		8B89D9D9184DAB550062EFB4 /* SimpleHostTests.m in Sources */ = {isa = PBXBuildFile; fileRef = 8B89D9D8184DAB550062EFB4 /* SimpleHostTests.m */; };
		8B89D9F0184DAB6B0062EFB4 /* gfx.framework in Frameworks */ = {isa = PBXBuildFile; fileRef = 8B89D9ED184DAB5F0062EFB4 /* gfx.framework */; };
		8B89D9F2184DAB7F0062EFB4 /* gfx.framework in Copy Frameworks */ = {isa = PBXBuildFile; fileRef = 8B89D9ED184DAB5F0062EFB4 /* gfx.framework */; };
		8B89DA03184EDFD60062EFB4 /* SHTextView.m in Sources */ = {isa = PBXBuildFile; fileRef = 8B89DA02184EDFD60062EFB4 /* SHTextView.m */; };
		8B89DA06184EE0490062EFB4 /* SyntaxHighligher.m in Sources */ = {isa = PBXBuildFile; fileRef = 8B89DA05184EE0490062EFB4 /* SyntaxHighligher.m */; };
		8B89DA09184EE0540062EFB4 /* SHDefinition.m in Sources */ = {isa = PBXBuildFile; fileRef = 8B89DA08184EE0540062EFB4 /* SHDefinition.m */; };
		8B89DA0B184EE23C0062EFB4 /* GFX.shd in Resources */ = {isa = PBXBuildFile; fileRef = 8B89DA0A184EE23C0062EFB4 /* GFX.shd */; };
		8B89DA0E184EE9950062EFB4 /* SBCenteringClipView.m in Sources */ = {isa = PBXBuildFile; fileRef = 8B89DA0D184EE9950062EFB4 /* SBCenteringClipView.m */; };
		8B89DA12184EF09E0062EFB4 /* GraphicsDocument.m in Sources */ = {isa = PBXBuildFile; fileRef = 8B89DA10184EF09E0062EFB4 /* GraphicsDocument.m */; };
		8B89DA13184EF09E0062EFB4 /* GraphicsDocument.xib in Resources */ = {isa = PBXBuildFile; fileRef = 8B89DA11184EF09E0062EFB4 /* GraphicsDocument.xib */; };
/* End PBXBuildFile section */

/* Begin PBXContainerItemProxy section */
		8B89D9D0184DAB550062EFB4 /* PBXContainerItemProxy */ = {
			isa = PBXContainerItemProxy;
			containerPortal = 8B89D9A3184DAB550062EFB4 /* Project object */;
			proxyType = 1;
			remoteGlobalIDString = 8B89D9AA184DAB550062EFB4;
			remoteInfo = SimpleHost;
		};
		8B89D9E8184DAB5F0062EFB4 /* PBXContainerItemProxy */ = {
			isa = PBXContainerItemProxy;
			containerPortal = 8B89D9E2184DAB5F0062EFB4 /* gfx.xcodeproj */;
			proxyType = 2;
			remoteGlobalIDString = 8B420021183488540020D1D1;
			remoteInfo = gsh;
		};
		8B89D9EA184DAB5F0062EFB4 /* PBXContainerItemProxy */ = {
			isa = PBXContainerItemProxy;
			containerPortal = 8B89D9E2184DAB5F0062EFB4 /* gfx.xcodeproj */;
			proxyType = 2;
			remoteGlobalIDString = 8B10B91B1842E92300DEB62F;
			remoteInfo = "gfx-tests";
		};
		8B89D9EC184DAB5F0062EFB4 /* PBXContainerItemProxy */ = {
			isa = PBXContainerItemProxy;
			containerPortal = 8B89D9E2184DAB5F0062EFB4 /* gfx.xcodeproj */;
			proxyType = 2;
			remoteGlobalIDString = 8B12C826184BDF7800DBD77C;
			remoteInfo = gfx;
		};
		8B89D9EE184DAB650062EFB4 /* PBXContainerItemProxy */ = {
			isa = PBXContainerItemProxy;
			containerPortal = 8B89D9E2184DAB5F0062EFB4 /* gfx.xcodeproj */;
			proxyType = 1;
			remoteGlobalIDString = 8B12C825184BDF7800DBD77C;
			remoteInfo = gfx;
		};
/* End PBXContainerItemProxy section */

/* Begin PBXCopyFilesBuildPhase section */
		8B89D9F1184DAB760062EFB4 /* Copy Frameworks */ = {
			isa = PBXCopyFilesBuildPhase;
			buildActionMask = 2147483647;
			dstPath = "";
			dstSubfolderSpec = 10;
			files = (
				8B89D9F2184DAB7F0062EFB4 /* gfx.framework in Copy Frameworks */,
			);
			name = "Copy Frameworks";
			runOnlyForDeploymentPostprocessing = 0;
		};
/* End PBXCopyFilesBuildPhase section */

/* Begin PBXFileReference section */
		8B89D9AB184DAB550062EFB4 /* SimpleHost.app */ = {isa = PBXFileReference; explicitFileType = wrapper.application; includeInIndex = 0; path = SimpleHost.app; sourceTree = BUILT_PRODUCTS_DIR; };
		8B89D9AE184DAB550062EFB4 /* Cocoa.framework */ = {isa = PBXFileReference; lastKnownFileType = wrapper.framework; name = Cocoa.framework; path = System/Library/Frameworks/Cocoa.framework; sourceTree = SDKROOT; };
		8B89D9B1184DAB550062EFB4 /* AppKit.framework */ = {isa = PBXFileReference; lastKnownFileType = wrapper.framework; name = AppKit.framework; path = System/Library/Frameworks/AppKit.framework; sourceTree = SDKROOT; };
		8B89D9B2184DAB550062EFB4 /* CoreData.framework */ = {isa = PBXFileReference; lastKnownFileType = wrapper.framework; name = CoreData.framework; path = System/Library/Frameworks/CoreData.framework; sourceTree = SDKROOT; };
		8B89D9B3184DAB550062EFB4 /* Foundation.framework */ = {isa = PBXFileReference; lastKnownFileType = wrapper.framework; name = Foundation.framework; path = System/Library/Frameworks/Foundation.framework; sourceTree = SDKROOT; };
		8B89D9B6184DAB550062EFB4 /* SimpleHost-Info.plist */ = {isa = PBXFileReference; lastKnownFileType = text.plist.xml; path = "SimpleHost-Info.plist"; sourceTree = "<group>"; };
		8B89D9B8184DAB550062EFB4 /* en */ = {isa = PBXFileReference; lastKnownFileType = text.plist.strings; name = en; path = en.lproj/InfoPlist.strings; sourceTree = "<group>"; };
		8B89D9BA184DAB550062EFB4 /* main.m */ = {isa = PBXFileReference; lastKnownFileType = sourcecode.c.objc; path = main.m; sourceTree = "<group>"; };
		8B89D9BC184DAB550062EFB4 /* SimpleHost-Prefix.pch */ = {isa = PBXFileReference; lastKnownFileType = sourcecode.c.h; path = "SimpleHost-Prefix.pch"; sourceTree = "<group>"; };
		8B89D9BE184DAB550062EFB4 /* en */ = {isa = PBXFileReference; lastKnownFileType = text.rtf; name = en; path = en.lproj/Credits.rtf; sourceTree = "<group>"; };
		8B89D9C0184DAB550062EFB4 /* AppDelegate.h */ = {isa = PBXFileReference; lastKnownFileType = sourcecode.c.h; path = AppDelegate.h; sourceTree = "<group>"; };
		8B89D9C1184DAB550062EFB4 /* AppDelegate.m */ = {isa = PBXFileReference; lastKnownFileType = sourcecode.c.objc; path = AppDelegate.m; sourceTree = "<group>"; };
		8B89D9C4184DAB550062EFB4 /* Base */ = {isa = PBXFileReference; lastKnownFileType = file.xib; name = Base; path = Base.lproj/MainMenu.xib; sourceTree = "<group>"; };
		8B89D9C6184DAB550062EFB4 /* Images.xcassets */ = {isa = PBXFileReference; lastKnownFileType = folder.assetcatalog; path = Images.xcassets; sourceTree = "<group>"; };
		8B89D9CC184DAB550062EFB4 /* SimpleHostTests.xctest */ = {isa = PBXFileReference; explicitFileType = wrapper.cfbundle; includeInIndex = 0; path = SimpleHostTests.xctest; sourceTree = BUILT_PRODUCTS_DIR; };
		8B89D9CD184DAB550062EFB4 /* XCTest.framework */ = {isa = PBXFileReference; lastKnownFileType = wrapper.framework; name = XCTest.framework; path = Library/Frameworks/XCTest.framework; sourceTree = DEVELOPER_DIR; };
		8B89D9D4184DAB550062EFB4 /* SimpleHostTests-Info.plist */ = {isa = PBXFileReference; lastKnownFileType = text.plist.xml; path = "SimpleHostTests-Info.plist"; sourceTree = "<group>"; };
		8B89D9D6184DAB550062EFB4 /* en */ = {isa = PBXFileReference; lastKnownFileType = text.plist.strings; name = en; path = en.lproj/InfoPlist.strings; sourceTree = "<group>"; };
		8B89D9D8184DAB550062EFB4 /* SimpleHostTests.m */ = {isa = PBXFileReference; lastKnownFileType = sourcecode.c.objc; path = SimpleHostTests.m; sourceTree = "<group>"; };
		8B89D9E2184DAB5F0062EFB4 /* gfx.xcodeproj */ = {isa = PBXFileReference; lastKnownFileType = "wrapper.pb-project"; name = gfx.xcodeproj; path = ../../gfx.xcodeproj; sourceTree = "<group>"; };
		8B89DA01184EDFD60062EFB4 /* SHTextView.h */ = {isa = PBXFileReference; fileEncoding = 4; lastKnownFileType = sourcecode.c.h; path = SHTextView.h; sourceTree = "<group>"; };
		8B89DA02184EDFD60062EFB4 /* SHTextView.m */ = {isa = PBXFileReference; fileEncoding = 4; lastKnownFileType = sourcecode.c.objc; path = SHTextView.m; sourceTree = "<group>"; };
		8B89DA04184EE0490062EFB4 /* SyntaxHighligher.h */ = {isa = PBXFileReference; fileEncoding = 4; lastKnownFileType = sourcecode.c.h; path = SyntaxHighligher.h; sourceTree = "<group>"; };
		8B89DA05184EE0490062EFB4 /* SyntaxHighligher.m */ = {isa = PBXFileReference; fileEncoding = 4; lastKnownFileType = sourcecode.c.objc; path = SyntaxHighligher.m; sourceTree = "<group>"; };
		8B89DA07184EE0540062EFB4 /* SHDefinition.h */ = {isa = PBXFileReference; fileEncoding = 4; lastKnownFileType = sourcecode.c.h; path = SHDefinition.h; sourceTree = "<group>"; };
		8B89DA08184EE0540062EFB4 /* SHDefinition.m */ = {isa = PBXFileReference; fileEncoding = 4; lastKnownFileType = sourcecode.c.objc; path = SHDefinition.m; sourceTree = "<group>"; };
		8B89DA0A184EE23C0062EFB4 /* GFX.shd */ = {isa = PBXFileReference; explicitFileType = text.plist.xml; fileEncoding = 4; path = GFX.shd; sourceTree = "<group>"; };
		8B89DA0C184EE9950062EFB4 /* SBCenteringClipView.h */ = {isa = PBXFileReference; fileEncoding = 4; lastKnownFileType = sourcecode.c.h; path = SBCenteringClipView.h; sourceTree = "<group>"; };
		8B89DA0D184EE9950062EFB4 /* SBCenteringClipView.m */ = {isa = PBXFileReference; fileEncoding = 4; lastKnownFileType = sourcecode.c.objc; path = SBCenteringClipView.m; sourceTree = "<group>"; };
		8B89DA0F184EF09E0062EFB4 /* GraphicsDocument.h */ = {isa = PBXFileReference; fileEncoding = 4; lastKnownFileType = sourcecode.c.h; path = GraphicsDocument.h; sourceTree = "<group>"; };
		8B89DA10184EF09E0062EFB4 /* GraphicsDocument.m */ = {isa = PBXFileReference; fileEncoding = 4; lastKnownFileType = sourcecode.c.objc; path = GraphicsDocument.m; sourceTree = "<group>"; };
		8B89DA11184EF09E0062EFB4 /* GraphicsDocument.xib */ = {isa = PBXFileReference; fileEncoding = 4; lastKnownFileType = file.xib; path = GraphicsDocument.xib; sourceTree = "<group>"; };
/* End PBXFileReference section */

/* Begin PBXFrameworksBuildPhase section */
		8B89D9A8184DAB550062EFB4 /* Frameworks */ = {
			isa = PBXFrameworksBuildPhase;
			buildActionMask = 2147483647;
			files = (
				8B89D9F0184DAB6B0062EFB4 /* gfx.framework in Frameworks */,
				8B89D9AF184DAB550062EFB4 /* Cocoa.framework in Frameworks */,
			);
			runOnlyForDeploymentPostprocessing = 0;
		};
		8B89D9C9184DAB550062EFB4 /* Frameworks */ = {
			isa = PBXFrameworksBuildPhase;
			buildActionMask = 2147483647;
			files = (
				8B89D9CF184DAB550062EFB4 /* Cocoa.framework in Frameworks */,
				8B89D9CE184DAB550062EFB4 /* XCTest.framework in Frameworks */,
			);
			runOnlyForDeploymentPostprocessing = 0;
		};
/* End PBXFrameworksBuildPhase section */

/* Begin PBXGroup section */
		8B89D9A2184DAB550062EFB4 = {
			isa = PBXGroup;
			children = (
				8B89D9B4184DAB550062EFB4 /* SimpleHost */,
				8B89D9D2184DAB550062EFB4 /* SimpleHostTests */,
				8B89D9AD184DAB550062EFB4 /* Frameworks */,
				8B89D9AC184DAB550062EFB4 /* Products */,
			);
			sourceTree = "<group>";
		};
		8B89D9AC184DAB550062EFB4 /* Products */ = {
			isa = PBXGroup;
			children = (
				8B89D9AB184DAB550062EFB4 /* SimpleHost.app */,
				8B89D9CC184DAB550062EFB4 /* SimpleHostTests.xctest */,
			);
			name = Products;
			sourceTree = "<group>";
		};
		8B89D9AD184DAB550062EFB4 /* Frameworks */ = {
			isa = PBXGroup;
			children = (
				8B89D9E2184DAB5F0062EFB4 /* gfx.xcodeproj */,
				8B89D9AE184DAB550062EFB4 /* Cocoa.framework */,
				8B89D9CD184DAB550062EFB4 /* XCTest.framework */,
				8B89D9B0184DAB550062EFB4 /* Other Frameworks */,
			);
			name = Frameworks;
			sourceTree = "<group>";
		};
		8B89D9B0184DAB550062EFB4 /* Other Frameworks */ = {
			isa = PBXGroup;
			children = (
				8B89D9B1184DAB550062EFB4 /* AppKit.framework */,
				8B89D9B2184DAB550062EFB4 /* CoreData.framework */,
				8B89D9B3184DAB550062EFB4 /* Foundation.framework */,
			);
			name = "Other Frameworks";
			sourceTree = "<group>";
		};
		8B89D9B4184DAB550062EFB4 /* SimpleHost */ = {
			isa = PBXGroup;
			children = (
				8B89D9C0184DAB550062EFB4 /* AppDelegate.h */,
				8B89D9C1184DAB550062EFB4 /* AppDelegate.m */,
				8B89DA01184EDFD60062EFB4 /* SHTextView.h */,
				8B89DA02184EDFD60062EFB4 /* SHTextView.m */,
				8B89DA04184EE0490062EFB4 /* SyntaxHighligher.h */,
				8B89DA05184EE0490062EFB4 /* SyntaxHighligher.m */,
				8B89DA07184EE0540062EFB4 /* SHDefinition.h */,
				8B89DA08184EE0540062EFB4 /* SHDefinition.m */,
				8B89DA0C184EE9950062EFB4 /* SBCenteringClipView.h */,
				8B89DA0D184EE9950062EFB4 /* SBCenteringClipView.m */,
				8B89DA0A184EE23C0062EFB4 /* GFX.shd */,
				8B89D9C3184DAB550062EFB4 /* MainMenu.xib */,
				8B89D9C6184DAB550062EFB4 /* Images.xcassets */,
				8B89D9B5184DAB550062EFB4 /* Supporting Files */,
				8B89DA0F184EF09E0062EFB4 /* GraphicsDocument.h */,
				8B89DA10184EF09E0062EFB4 /* GraphicsDocument.m */,
				8B89DA11184EF09E0062EFB4 /* GraphicsDocument.xib */,
			);
			path = SimpleHost;
			sourceTree = "<group>";
		};
		8B89D9B5184DAB550062EFB4 /* Supporting Files */ = {
			isa = PBXGroup;
			children = (
				8B89D9B6184DAB550062EFB4 /* SimpleHost-Info.plist */,
				8B89D9B7184DAB550062EFB4 /* InfoPlist.strings */,
				8B89D9BA184DAB550062EFB4 /* main.m */,
				8B89D9BC184DAB550062EFB4 /* SimpleHost-Prefix.pch */,
				8B89D9BD184DAB550062EFB4 /* Credits.rtf */,
			);
			name = "Supporting Files";
			sourceTree = "<group>";
		};
		8B89D9D2184DAB550062EFB4 /* SimpleHostTests */ = {
			isa = PBXGroup;
			children = (
				8B89D9D8184DAB550062EFB4 /* SimpleHostTests.m */,
				8B89D9D3184DAB550062EFB4 /* Supporting Files */,
			);
			path = SimpleHostTests;
			sourceTree = "<group>";
		};
		8B89D9D3184DAB550062EFB4 /* Supporting Files */ = {
			isa = PBXGroup;
			children = (
				8B89D9D4184DAB550062EFB4 /* SimpleHostTests-Info.plist */,
				8B89D9D5184DAB550062EFB4 /* InfoPlist.strings */,
			);
			name = "Supporting Files";
			sourceTree = "<group>";
		};
		8B89D9E3184DAB5F0062EFB4 /* Products */ = {
			isa = PBXGroup;
			children = (
				8B89D9E9184DAB5F0062EFB4 /* gsh */,
				8B89D9EB184DAB5F0062EFB4 /* gfx-tests */,
				8B89D9ED184DAB5F0062EFB4 /* gfx.framework */,
			);
			name = Products;
			sourceTree = "<group>";
		};
/* End PBXGroup section */

/* Begin PBXNativeTarget section */
		8B89D9AA184DAB550062EFB4 /* SimpleHost */ = {
			isa = PBXNativeTarget;
			buildConfigurationList = 8B89D9DC184DAB550062EFB4 /* Build configuration list for PBXNativeTarget "SimpleHost" */;
			buildPhases = (
				8B89D9A7184DAB550062EFB4 /* Sources */,
				8B89D9A8184DAB550062EFB4 /* Frameworks */,
				8B89D9A9184DAB550062EFB4 /* Resources */,
				8B89D9F1184DAB760062EFB4 /* Copy Frameworks */,
			);
			buildRules = (
			);
			dependencies = (
				8B89D9EF184DAB650062EFB4 /* PBXTargetDependency */,
			);
			name = SimpleHost;
			productName = SimpleHost;
			productReference = 8B89D9AB184DAB550062EFB4 /* SimpleHost.app */;
			productType = "com.apple.product-type.application";
		};
		8B89D9CB184DAB550062EFB4 /* SimpleHostTests */ = {
			isa = PBXNativeTarget;
			buildConfigurationList = 8B89D9DF184DAB550062EFB4 /* Build configuration list for PBXNativeTarget "SimpleHostTests" */;
			buildPhases = (
				8B89D9C8184DAB550062EFB4 /* Sources */,
				8B89D9C9184DAB550062EFB4 /* Frameworks */,
				8B89D9CA184DAB550062EFB4 /* Resources */,
			);
			buildRules = (
			);
			dependencies = (
				8B89D9D1184DAB550062EFB4 /* PBXTargetDependency */,
			);
			name = SimpleHostTests;
			productName = SimpleHostTests;
			productReference = 8B89D9CC184DAB550062EFB4 /* SimpleHostTests.xctest */;
			productType = "com.apple.product-type.bundle.unit-test";
		};
/* End PBXNativeTarget section */

/* Begin PBXProject section */
		8B89D9A3184DAB550062EFB4 /* Project object */ = {
			isa = PBXProject;
			attributes = {
				LastUpgradeCheck = 0500;
				ORGANIZATIONNAME = "Roundabout Software, LLC";
				TargetAttributes = {
					8B89D9CB184DAB550062EFB4 = {
						TestTargetID = 8B89D9AA184DAB550062EFB4;
					};
				};
			};
			buildConfigurationList = 8B89D9A6184DAB550062EFB4 /* Build configuration list for PBXProject "SimpleHost" */;
			compatibilityVersion = "Xcode 3.2";
			developmentRegion = English;
			hasScannedForEncodings = 0;
			knownRegions = (
				en,
				Base,
			);
			mainGroup = 8B89D9A2184DAB550062EFB4;
			productRefGroup = 8B89D9AC184DAB550062EFB4 /* Products */;
			projectDirPath = "";
			projectReferences = (
				{
					ProductGroup = 8B89D9E3184DAB5F0062EFB4 /* Products */;
					ProjectRef = 8B89D9E2184DAB5F0062EFB4 /* gfx.xcodeproj */;
				},
			);
			projectRoot = "";
			targets = (
				8B89D9AA184DAB550062EFB4 /* SimpleHost */,
				8B89D9CB184DAB550062EFB4 /* SimpleHostTests */,
			);
		};
/* End PBXProject section */

/* Begin PBXReferenceProxy section */
		8B89D9E9184DAB5F0062EFB4 /* gsh */ = {
			isa = PBXReferenceProxy;
			fileType = "compiled.mach-o.executable";
			path = gsh;
			remoteRef = 8B89D9E8184DAB5F0062EFB4 /* PBXContainerItemProxy */;
			sourceTree = BUILT_PRODUCTS_DIR;
		};
		8B89D9EB184DAB5F0062EFB4 /* gfx-tests */ = {
			isa = PBXReferenceProxy;
			fileType = "compiled.mach-o.executable";
			path = "gfx-tests";
			remoteRef = 8B89D9EA184DAB5F0062EFB4 /* PBXContainerItemProxy */;
			sourceTree = BUILT_PRODUCTS_DIR;
		};
		8B89D9ED184DAB5F0062EFB4 /* gfx.framework */ = {
			isa = PBXReferenceProxy;
			fileType = wrapper.framework;
			path = gfx.framework;
			remoteRef = 8B89D9EC184DAB5F0062EFB4 /* PBXContainerItemProxy */;
			sourceTree = BUILT_PRODUCTS_DIR;
		};
/* End PBXReferenceProxy section */

/* Begin PBXResourcesBuildPhase section */
		8B89D9A9184DAB550062EFB4 /* Resources */ = {
			isa = PBXResourcesBuildPhase;
			buildActionMask = 2147483647;
			files = (
				8B89DA0B184EE23C0062EFB4 /* GFX.shd in Resources */,
				8B89D9B9184DAB550062EFB4 /* InfoPlist.strings in Resources */,
				8B89D9C7184DAB550062EFB4 /* Images.xcassets in Resources */,
				8B89DA13184EF09E0062EFB4 /* GraphicsDocument.xib in Resources */,
				8B89D9BF184DAB550062EFB4 /* Credits.rtf in Resources */,
				8B89D9C5184DAB550062EFB4 /* MainMenu.xib in Resources */,
			);
			runOnlyForDeploymentPostprocessing = 0;
		};
		8B89D9CA184DAB550062EFB4 /* Resources */ = {
			isa = PBXResourcesBuildPhase;
			buildActionMask = 2147483647;
			files = (
				8B89D9D7184DAB550062EFB4 /* InfoPlist.strings in Resources */,
			);
			runOnlyForDeploymentPostprocessing = 0;
		};
/* End PBXResourcesBuildPhase section */

/* Begin PBXSourcesBuildPhase section */
		8B89D9A7184DAB550062EFB4 /* Sources */ = {
			isa = PBXSourcesBuildPhase;
			buildActionMask = 2147483647;
			files = (
				8B89D9C2184DAB550062EFB4 /* AppDelegate.m in Sources */,
				8B89DA12184EF09E0062EFB4 /* GraphicsDocument.m in Sources */,
				8B89D9BB184DAB550062EFB4 /* main.m in Sources */,
				8B89DA03184EDFD60062EFB4 /* SHTextView.m in Sources */,
				8B89DA0E184EE9950062EFB4 /* SBCenteringClipView.m in Sources */,
				8B89DA09184EE0540062EFB4 /* SHDefinition.m in Sources */,
				8B89DA06184EE0490062EFB4 /* SyntaxHighligher.m in Sources */,
			);
			runOnlyForDeploymentPostprocessing = 0;
		};
		8B89D9C8184DAB550062EFB4 /* Sources */ = {
			isa = PBXSourcesBuildPhase;
			buildActionMask = 2147483647;
			files = (
				8B89D9D9184DAB550062EFB4 /* SimpleHostTests.m in Sources */,
			);
			runOnlyForDeploymentPostprocessing = 0;
		};
/* End PBXSourcesBuildPhase section */

/* Begin PBXTargetDependency section */
		8B89D9D1184DAB550062EFB4 /* PBXTargetDependency */ = {
			isa = PBXTargetDependency;
			target = 8B89D9AA184DAB550062EFB4 /* SimpleHost */;
			targetProxy = 8B89D9D0184DAB550062EFB4 /* PBXContainerItemProxy */;
		};
		8B89D9EF184DAB650062EFB4 /* PBXTargetDependency */ = {
			isa = PBXTargetDependency;
			name = gfx;
			targetProxy = 8B89D9EE184DAB650062EFB4 /* PBXContainerItemProxy */;
		};
/* End PBXTargetDependency section */

/* Begin PBXVariantGroup section */
		8B89D9B7184DAB550062EFB4 /* InfoPlist.strings */ = {
			isa = PBXVariantGroup;
			children = (
				8B89D9B8184DAB550062EFB4 /* en */,
			);
			name = InfoPlist.strings;
			sourceTree = "<group>";
		};
		8B89D9BD184DAB550062EFB4 /* Credits.rtf */ = {
			isa = PBXVariantGroup;
			children = (
				8B89D9BE184DAB550062EFB4 /* en */,
			);
			name = Credits.rtf;
			sourceTree = "<group>";
		};
		8B89D9C3184DAB550062EFB4 /* MainMenu.xib */ = {
			isa = PBXVariantGroup;
			children = (
				8B89D9C4184DAB550062EFB4 /* Base */,
			);
			name = MainMenu.xib;
			sourceTree = "<group>";
		};
		8B89D9D5184DAB550062EFB4 /* InfoPlist.strings */ = {
			isa = PBXVariantGroup;
			children = (
				8B89D9D6184DAB550062EFB4 /* en */,
			);
			name = InfoPlist.strings;
			sourceTree = "<group>";
		};
/* End PBXVariantGroup section */

/* Begin XCBuildConfiguration section */
		8B89D9DA184DAB550062EFB4 /* Debug */ = {
			isa = XCBuildConfiguration;
			buildSettings = {
				ALWAYS_SEARCH_USER_PATHS = NO;
				CLANG_CXX_LANGUAGE_STANDARD = "gnu++0x";
				CLANG_CXX_LIBRARY = "libc++";
				CLANG_ENABLE_OBJC_ARC = YES;
				CLANG_WARN_BOOL_CONVERSION = YES;
				CLANG_WARN_CONSTANT_CONVERSION = YES;
				CLANG_WARN_DIRECT_OBJC_ISA_USAGE = YES_ERROR;
				CLANG_WARN_EMPTY_BODY = YES;
				CLANG_WARN_ENUM_CONVERSION = YES;
				CLANG_WARN_INT_CONVERSION = YES;
				CLANG_WARN_OBJC_ROOT_CLASS = YES_ERROR;
				CLANG_WARN__DUPLICATE_METHOD_MATCH = YES;
				COPY_PHASE_STRIP = NO;
				GCC_C_LANGUAGE_STANDARD = gnu99;
				GCC_DYNAMIC_NO_PIC = NO;
				GCC_ENABLE_OBJC_EXCEPTIONS = YES;
				GCC_OPTIMIZATION_LEVEL = 0;
				GCC_PREPROCESSOR_DEFINITIONS = (
					"DEBUG=1",
					"$(inherited)",
				);
				GCC_SYMBOLS_PRIVATE_EXTERN = NO;
				GCC_WARN_64_TO_32_BIT_CONVERSION = YES;
				GCC_WARN_ABOUT_RETURN_TYPE = YES_ERROR;
				GCC_WARN_UNDECLARED_SELECTOR = YES;
				GCC_WARN_UNINITIALIZED_AUTOS = YES;
				GCC_WARN_UNUSED_FUNCTION = YES;
				GCC_WARN_UNUSED_VARIABLE = YES;
				MACOSX_DEPLOYMENT_TARGET = 10.9;
				ONLY_ACTIVE_ARCH = YES;
				SDKROOT = macosx;
			};
			name = Debug;
		};
		8B89D9DB184DAB550062EFB4 /* Release */ = {
			isa = XCBuildConfiguration;
			buildSettings = {
				ALWAYS_SEARCH_USER_PATHS = NO;
				CLANG_CXX_LANGUAGE_STANDARD = "gnu++0x";
				CLANG_CXX_LIBRARY = "libc++";
				CLANG_ENABLE_OBJC_ARC = YES;
				CLANG_WARN_BOOL_CONVERSION = YES;
				CLANG_WARN_CONSTANT_CONVERSION = YES;
				CLANG_WARN_DIRECT_OBJC_ISA_USAGE = YES_ERROR;
				CLANG_WARN_EMPTY_BODY = YES;
				CLANG_WARN_ENUM_CONVERSION = YES;
				CLANG_WARN_INT_CONVERSION = YES;
				CLANG_WARN_OBJC_ROOT_CLASS = YES_ERROR;
				CLANG_WARN__DUPLICATE_METHOD_MATCH = YES;
				COPY_PHASE_STRIP = YES;
				DEBUG_INFORMATION_FORMAT = "dwarf-with-dsym";
				ENABLE_NS_ASSERTIONS = NO;
				GCC_C_LANGUAGE_STANDARD = gnu99;
				GCC_ENABLE_OBJC_EXCEPTIONS = YES;
				GCC_WARN_64_TO_32_BIT_CONVERSION = YES;
				GCC_WARN_ABOUT_RETURN_TYPE = YES_ERROR;
				GCC_WARN_UNDECLARED_SELECTOR = YES;
				GCC_WARN_UNINITIALIZED_AUTOS = YES;
				GCC_WARN_UNUSED_FUNCTION = YES;
				GCC_WARN_UNUSED_VARIABLE = YES;
				MACOSX_DEPLOYMENT_TARGET = 10.9;
				SDKROOT = macosx;
			};
			name = Release;
		};
		8B89D9DD184DAB550062EFB4 /* Debug */ = {
			isa = XCBuildConfiguration;
			buildSettings = {
				ASSETCATALOG_COMPILER_APPICON_NAME = AppIcon;
				COMBINE_HIDPI_IMAGES = YES;
				GCC_PRECOMPILE_PREFIX_HEADER = YES;
				GCC_PREFIX_HEADER = "SimpleHost/SimpleHost-Prefix.pch";
				INFOPLIST_FILE = "SimpleHost/SimpleHost-Info.plist";
				LD_RUNPATH_SEARCH_PATHS = "@loader_path/../Frameworks";
				PRODUCT_NAME = "$(TARGET_NAME)";
				WRAPPER_EXTENSION = app;
			};
			name = Debug;
		};
		8B89D9DE184DAB550062EFB4 /* Release */ = {
			isa = XCBuildConfiguration;
			buildSettings = {
				ASSETCATALOG_COMPILER_APPICON_NAME = AppIcon;
				COMBINE_HIDPI_IMAGES = YES;
				GCC_PRECOMPILE_PREFIX_HEADER = YES;
				GCC_PREFIX_HEADER = "SimpleHost/SimpleHost-Prefix.pch";
				INFOPLIST_FILE = "SimpleHost/SimpleHost-Info.plist";
				LD_RUNPATH_SEARCH_PATHS = "@loader_path/../Frameworks";
				PRODUCT_NAME = "$(TARGET_NAME)";
				WRAPPER_EXTENSION = app;
			};
			name = Release;
		};
		8B89D9E0184DAB550062EFB4 /* Debug */ = {
			isa = XCBuildConfiguration;
			buildSettings = {
				BUNDLE_LOADER = "$(BUILT_PRODUCTS_DIR)/SimpleHost.app/Contents/MacOS/SimpleHost";
				COMBINE_HIDPI_IMAGES = YES;
				FRAMEWORK_SEARCH_PATHS = (
					"$(DEVELOPER_FRAMEWORKS_DIR)",
					"$(inherited)",
				);
				GCC_PRECOMPILE_PREFIX_HEADER = YES;
				GCC_PREFIX_HEADER = "SimpleHost/SimpleHost-Prefix.pch";
				GCC_PREPROCESSOR_DEFINITIONS = (
					"DEBUG=1",
					"$(inherited)",
				);
				INFOPLIST_FILE = "SimpleHostTests/SimpleHostTests-Info.plist";
				PRODUCT_NAME = "$(TARGET_NAME)";
				TEST_HOST = "$(BUNDLE_LOADER)";
				WRAPPER_EXTENSION = xctest;
			};
			name = Debug;
		};
		8B89D9E1184DAB550062EFB4 /* Release */ = {
			isa = XCBuildConfiguration;
			buildSettings = {
				BUNDLE_LOADER = "$(BUILT_PRODUCTS_DIR)/SimpleHost.app/Contents/MacOS/SimpleHost";
				COMBINE_HIDPI_IMAGES = YES;
				FRAMEWORK_SEARCH_PATHS = (
					"$(DEVELOPER_FRAMEWORKS_DIR)",
					"$(inherited)",
				);
				GCC_PRECOMPILE_PREFIX_HEADER = YES;
				GCC_PREFIX_HEADER = "SimpleHost/SimpleHost-Prefix.pch";
				INFOPLIST_FILE = "SimpleHostTests/SimpleHostTests-Info.plist";
				PRODUCT_NAME = "$(TARGET_NAME)";
				TEST_HOST = "$(BUNDLE_LOADER)";
				WRAPPER_EXTENSION = xctest;
			};
			name = Release;
		};
/* End XCBuildConfiguration section */

/* Begin XCConfigurationList section */
		8B89D9A6184DAB550062EFB4 /* Build configuration list for PBXProject "SimpleHost" */ = {
			isa = XCConfigurationList;
			buildConfigurations = (
				8B89D9DA184DAB550062EFB4 /* Debug */,
				8B89D9DB184DAB550062EFB4 /* Release */,
			);
			defaultConfigurationIsVisible = 0;
			defaultConfigurationName = Release;
		};
		8B89D9DC184DAB550062EFB4 /* Build configuration list for PBXNativeTarget "SimpleHost" */ = {
			isa = XCConfigurationList;
			buildConfigurations = (
				8B89D9DD184DAB550062EFB4 /* Debug */,
				8B89D9DE184DAB550062EFB4 /* Release */,
			);
			defaultConfigurationIsVisible = 0;
			defaultConfigurationName = Release;
		};
		8B89D9DF184DAB550062EFB4 /* Build configuration list for PBXNativeTarget "SimpleHostTests" */ = {
			isa = XCConfigurationList;
			buildConfigurations = (
				8B89D9E0184DAB550062EFB4 /* Debug */,
				8B89D9E1184DAB550062EFB4 /* Release */,
			);
			defaultConfigurationIsVisible = 0;
			defaultConfigurationName = Release;
		};
/* End XCConfigurationList section */
	};
	rootObject = 8B89D9A3184DAB550062EFB4 /* Project object */;
}
